
Microsoft Visual Studio Solution File, Format Version 12.00
# Visual Studio Version 17
VisualStudioVersion = 17.3.32929.385
MinimumVisualStudioVersion = 10.0.40219.1
Project("{9A19103F-16F7-4668-BE54-9A1E7A4F7556}") = "MyApi", "MyApi.csproj", "{34B71233-DAC4-448A-8090-3F582C32F4DB}"
	ProjectSection(ProjectDependencies) = postProject
		{9DA9954B-91C8-4452-8052-8A06123C42C0} = {9DA9954B-91C8-4452-8052-8A06123C42C0}
	EndProjectSection
EndProject
Project("{9A19103F-16F7-4668-BE54-9A1E7A4F7556}") = "FrontEnd", "..\FrontEnd\FrontEnd.csproj", "{88978DFB-22B9-4F3F-AC9F-668BD46207C6}"
EndProject
Project("{9A19103F-16F7-4668-BE54-9A1E7A4F7556}") = "SharedLib", "..\SharedLib\SharedLib.csproj", "{9DA9954B-91C8-4452-8052-8A06123C42C0}"
EndProject
Project("{9A19103F-16F7-4668-BE54-9A1E7A4F7556}") = "ProjectTest", "..\Tests\ProjectTest\ProjectTest.csproj", "{35B0F280-FA6A-41E3-A963-B4627195D21D}"
	ProjectSection(ProjectDependencies) = postProject
		{34B71233-DAC4-448A-8090-3F582C32F4DB} = {34B71233-DAC4-448A-8090-3F582C32F4DB}
	EndProjectSection
EndProject
Global
	GlobalSection(SolutionConfigurationPlatforms) = preSolution
		Debug|Any CPU = Debug|Any CPU
		Release|Any CPU = Release|Any CPU
	EndGlobalSection
	GlobalSection(ProjectConfigurationPlatforms) = postSolution
		{34B71233-DAC4-448A-8090-3F582C32F4DB}.Debug|Any CPU.ActiveCfg = Debug|Any CPU
		{34B71233-DAC4-448A-8090-3F582C32F4DB}.Debug|Any CPU.Build.0 = Debug|Any CPU
		{34B71233-DAC4-448A-8090-3F582C32F4DB}.Release|Any CPU.ActiveCfg = Release|Any CPU
		{34B71233-DAC4-448A-8090-3F582C32F4DB}.Release|Any CPU.Build.0 = Release|Any CPU
		{88978DFB-22B9-4F3F-AC9F-668BD46207C6}.Debug|Any CPU.ActiveCfg = Debug|Any CPU
		{88978DFB-22B9-4F3F-AC9F-668BD46207C6}.Debug|Any CPU.Build.0 = Debug|Any CPU
		{88978DFB-22B9-4F3F-AC9F-668BD46207C6}.Release|Any CPU.ActiveCfg = Release|Any CPU
		{88978DFB-22B9-4F3F-AC9F-668BD46207C6}.Release|Any CPU.Build.0 = Release|Any CPU
		{9DA9954B-91C8-4452-8052-8A06123C42C0}.Debug|Any CPU.ActiveCfg = Debug|Any CPU
		{9DA9954B-91C8-4452-8052-8A06123C42C0}.Debug|Any CPU.Build.0 = Debug|Any CPU
		{9DA9954B-91C8-4452-8052-8A06123C42C0}.Release|Any CPU.ActiveCfg = Release|Any CPU
		{9DA9954B-91C8-4452-8052-8A06123C42C0}.Release|Any CPU.Build.0 = Release|Any CPU
		{35B0F280-FA6A-41E3-A963-B4627195D21D}.Debug|Any CPU.ActiveCfg = Debug|Any CPU
		{35B0F280-FA6A-41E3-A963-B4627195D21D}.Debug|Any CPU.Build.0 = Debug|Any CPU
		{35B0F280-FA6A-41E3-A963-B4627195D21D}.Release|Any CPU.ActiveCfg = Release|Any CPU
		{35B0F280-FA6A-41E3-A963-B4627195D21D}.Release|Any CPU.Build.0 = Release|Any CPU
	EndGlobalSection
	GlobalSection(SolutionProperties) = preSolution
		HideSolutionNode = FALSE
	EndGlobalSection
	GlobalSection(ExtensibilityGlobals) = postSolution
		SolutionGuid = {F9F1B241-2E4B-4EB2-B029-4102454EA24B}
	EndGlobalSection
EndGlobal
